// !$*UTF8*$!
{
	archiveVersion = 1;
	classes = {
	};
	objectVersion = 46;
	objects = {

/* Begin PBXBuildFile section */
		01BA96D61E9D815700E8F37F /* helpers.h in Headers */ = {isa = PBXBuildFile; fileRef = 01BA96CF1E9D815700E8F37F /* helpers.h */; };
		01BA96D71E9D815700E8F37F /* main.cpp in Sources */ = {isa = PBXBuildFile; fileRef = 01BA96D01E9D815700E8F37F /* main.cpp */; };
		01BA96D81E9D815700E8F37F /* main.h in Headers */ = {isa = PBXBuildFile; fileRef = 01BA96D11E9D815700E8F37F /* main.h */; };
		01BA96D91E9D815700E8F37F /* FlockModifier.cpp in Sources */ = {isa = PBXBuildFile; fileRef = 01BA96D31E9D815700E8F37F /* FlockModifier.cpp */; };
		01BA96DA1E9D815700E8F37F /* FlockRepeller.cpp in Sources */ = {isa = PBXBuildFile; fileRef = 01BA96D41E9D815700E8F37F /* FlockRepeller.cpp */; };
		01BA96DB1E9D815700E8F37F /* FlockTarget.cpp in Sources */ = {isa = PBXBuildFile; fileRef = 01BA96D51E9D815700E8F37F /* FlockTarget.cpp */; };
		A0A6683339F470FF41010000 /* libcinema.framework.a in Frameworks */ = {isa = PBXBuildFile; fileRef = A0A6683339F470FF41000000 /* libcinema.framework.a */; };
/* End PBXBuildFile section */

/* Begin PBXContainerItemProxy section */
		28945ECC17E25C1A009BE29F /* PBXContainerItemProxy */ = {
			isa = PBXContainerItemProxy;
			containerPortal = A0A6683339F470FF41020000 /* cinema.framework.xcodeproj */;
			proxyType = 2;
			remoteGlobalIDString = A08C5CDEA3F470FF417B0100;
			remoteInfo = "cinema.framework static library";
		};
		A0A6683339F470FF41040000 /* PBXContainerItemProxy */ = {
			isa = PBXContainerItemProxy;
			containerPortal = A0A6683339F470FF41020000 /* cinema.framework.xcodeproj */;
			proxyType = 2;
			remoteGlobalIDString = A08C5CDEA3F470FF417B0000;
			remoteInfo = cinema.framework;
		};
		A0A6683339F470FF41050000 /* PBXContainerItemProxy */ = {
			isa = PBXContainerItemProxy;
			containerPortal = A0A6683339F470FF41020000 /* cinema.framework.xcodeproj */;
			proxyType = 1;
			remoteGlobalIDString = A08C5CDEA3F470FF41000000;
			remoteInfo = cinema.framework;
		};
/* End PBXContainerItemProxy section */

/* Begin PBXFileReference section */
		01BA96CF1E9D815700E8F37F /* helpers.h */ = {isa = PBXFileReference; fileEncoding = 4; lastKnownFileType = sourcecode.c.h; name = helpers.h; path = source/helpers.h; sourceTree = SOURCE_ROOT; };
		01BA96D01E9D815700E8F37F /* main.cpp */ = {isa = PBXFileReference; fileEncoding = 4; lastKnownFileType = sourcecode.cpp.cpp; name = main.cpp; path = source/main.cpp; sourceTree = SOURCE_ROOT; };
		01BA96D11E9D815700E8F37F /* main.h */ = {isa = PBXFileReference; fileEncoding = 4; lastKnownFileType = sourcecode.c.h; name = main.h; path = source/main.h; sourceTree = SOURCE_ROOT; };
		01BA96D31E9D815700E8F37F /* FlockModifier.cpp */ = {isa = PBXFileReference; fileEncoding = 4; lastKnownFileType = sourcecode.cpp.cpp; path = FlockModifier.cpp; sourceTree = "<group>"; };
		01BA96D41E9D815700E8F37F /* FlockRepeller.cpp */ = {isa = PBXFileReference; fileEncoding = 4; lastKnownFileType = sourcecode.cpp.cpp; path = FlockRepeller.cpp; sourceTree = "<group>"; };
		01BA96D51E9D815700E8F37F /* FlockTarget.cpp */ = {isa = PBXFileReference; fileEncoding = 4; lastKnownFileType = sourcecode.cpp.cpp; path = FlockTarget.cpp; sourceTree = "<group>"; };
		A08C5CDEA3A66833397B0000 /* FlockModifier_R16.dylib */ = {isa = PBXFileReference; explicitFileType = "compiled.mach-o.dylib"; includeInIndex = 0; path = FlockModifier_R16.dylib; sourceTree = BUILT_PRODUCTS_DIR; };
		A0A668333900000000000000 /* debugbase.xcconfig */ = {isa = PBXFileReference; fileEncoding = 4; lastKnownFileType = text.xcconfig; name = debugbase.xcconfig; path = ../../frameworks/settings/debugbase.xcconfig; sourceTree = SOURCE_ROOT; };
		A0A668333900000000050000 /* releasebase.xcconfig */ = {isa = PBXFileReference; fileEncoding = 4; lastKnownFileType = text.xcconfig; name = releasebase.xcconfig; path = ../../frameworks/settings/releasebase.xcconfig; sourceTree = SOURCE_ROOT; };
		A0A6683339F470FF41020000 /* cinema.framework.xcodeproj */ = {isa = PBXFileReference; lastKnownFileType = "wrapper.pb-project"; name = cinema.framework.xcodeproj; path = ../../frameworks/cinema.framework/project/cinema.framework.xcodeproj; sourceTree = SOURCE_ROOT; };
/* End PBXFileReference section */

/* Begin PBXFrameworksBuildPhase section */
		A0A6683339000000000F0000 /* Frameworks */ = {
			isa = PBXFrameworksBuildPhase;
			buildActionMask = 2147483647;
			files = (
				A0A6683339F470FF41010000 /* libcinema.framework.a in Frameworks */,
			);
			runOnlyForDeploymentPostprocessing = 0;
		};
/* End PBXFrameworksBuildPhase section */

/* Begin PBXGroup section */
		01BA96D21E9D815700E8F37F /* object */ = {
			isa = PBXGroup;
			children = (
				01BA96D31E9D815700E8F37F /* FlockModifier.cpp */,
				01BA96D41E9D815700E8F37F /* FlockRepeller.cpp */,
				01BA96D51E9D815700E8F37F /* FlockTarget.cpp */,
			);
			name = object;
			path = source/object;
			sourceTree = SOURCE_ROOT;
		};
		A0A668333900000000140000 /* libs */ = {
			isa = PBXGroup;
			children = (
				A0A6683339F470FF41020000 /* cinema.framework.xcodeproj */,
			);
			name = libs;
			sourceTree = "<group>";
		};
		A0A668333900000000190000 /* configurations */ = {
			isa = PBXGroup;
			children = (
				A0A668333900000000000000 /* debugbase.xcconfig */,
				A0A668333900000000050000 /* releasebase.xcconfig */,
			);
			name = configurations;
			sourceTree = "<group>";
		};
		A0A6683339000000001E0000 = {
			isa = PBXGroup;
			children = (
				A0A668333900000000190000 /* configurations */,
				A0A668333900000000140000 /* libs */,
				A0A668333900000000230000 /* products */,
				A0A6683339CA90681B000000 /* source */,
			);
			sourceTree = "<group>";
		};
		A0A668333900000000230000 /* products */ = {
			isa = PBXGroup;
			children = (
				A08C5CDEA3A66833397B0000 /* FlockModifier_R16.dylib */,
			);
			name = products;
			sourceTree = "<group>";
		};
		A0A6683339CA90681B000000 /* source */ = {
			isa = PBXGroup;
			children = (
				01BA96D21E9D815700E8F37F /* object */,
				01BA96CF1E9D815700E8F37F /* helpers.h */,
				01BA96D01E9D815700E8F37F /* main.cpp */,
				01BA96D11E9D815700E8F37F /* main.h */,
			);
			name = source;
			path = ../source;
			sourceTree = SOURCE_ROOT;
		};
		A0A6683339F470FF41280000 /* products */ = {
			isa = PBXGroup;
			children = (
				A0A6683339F470FF41000000 /* libcinema.framework.a */,
				28945ECD17E25C1A009BE29F /* libcinema.framework_static.a */,
			);
			name = products;
			sourceTree = "<group>";
		};
/* End PBXGroup section */

/* Begin PBXHeadersBuildPhase section */
		A0A6683339000000002D0000 /* Headers */ = {
			isa = PBXHeadersBuildPhase;
			buildActionMask = 2147483647;
			files = (
				01BA96D61E9D815700E8F37F /* helpers.h in Headers */,
				01BA96D81E9D815700E8F37F /* main.h in Headers */,
			);
			runOnlyForDeploymentPostprocessing = 0;
		};
/* End PBXHeadersBuildPhase section */

/* Begin PBXNativeTarget section */
		A08C5CDEA3A6683339000000 /* FlockModifier */ = {
			isa = PBXNativeTarget;
			buildConfigurationList = A0A668333900000000460000 /* Build configuration list for PBXNativeTarget "FlockModifier" */;
			buildPhases = (
				A0A668333900000000320000 /* Sources */,
				A0A6683339000000000F0000 /* Frameworks */,
				A0A6683339000000002D0000 /* Headers */,
			);
			buildRules = (
			);
			dependencies = (
				A0A6683339F470FF41370000 /* PBXTargetDependency */,
			);
			name = FlockModifier;
			productName = cinema4dsdk;
			productReference = A08C5CDEA3A66833397B0000 /* FlockModifier_R16.dylib */;
			productType = "com.apple.product-type.library.dynamic";
		};
/* End PBXNativeTarget section */

/* Begin PBXProject section */
		A0A6683339000000003C0000 /* Project object */ = {
			isa = PBXProject;
			attributes = {
				LastUpgradeCheck = 0610;
				ORGANIZATIONNAME = "";
			};
			buildConfigurationList = A0A668333900000000410000 /* Build configuration list for PBXProject "FlockModifier_R16" */;
			compatibilityVersion = "Xcode 3.2";
			developmentRegion = English;
			hasScannedForEncodings = 0;
			knownRegions = (
				en,
			);
			mainGroup = A0A6683339000000001E0000;
			productRefGroup = A0A668333900000000230000 /* products */;
			projectDirPath = "";
			projectReferences = (
				{
					ProductGroup = A0A6683339F470FF41280000 /* products */;
					ProjectRef = A0A6683339F470FF41020000 /* cinema.framework.xcodeproj */;
				},
			);
			projectRoot = "";
			targets = (
				A08C5CDEA3A6683339000000 /* FlockModifier */,
			);
		};
/* End PBXProject section */

/* Begin PBXReferenceProxy section */
		28945ECD17E25C1A009BE29F /* libcinema.framework_static.a */ = {
			isa = PBXReferenceProxy;
			fileType = archive.ar;
			path = libcinema.framework_static.a;
			remoteRef = 28945ECC17E25C1A009BE29F /* PBXContainerItemProxy */;
			sourceTree = BUILT_PRODUCTS_DIR;
		};
		A0A6683339F470FF41000000 /* libcinema.framework.a */ = {
			isa = PBXReferenceProxy;
			fileType = archive.ar;
			path = libcinema.framework.a;
			remoteRef = A0A6683339F470FF41040000 /* PBXContainerItemProxy */;
			sourceTree = BUILT_PRODUCTS_DIR;
		};
/* End PBXReferenceProxy section */

/* Begin PBXSourcesBuildPhase section */
		A0A668333900000000320000 /* Sources */ = {
			isa = PBXSourcesBuildPhase;
			buildActionMask = 2147483647;
			files = (
				01BA96D91E9D815700E8F37F /* FlockModifier.cpp in Sources */,
				01BA96DA1E9D815700E8F37F /* FlockRepeller.cpp in Sources */,
				01BA96DB1E9D815700E8F37F /* FlockTarget.cpp in Sources */,
				01BA96D71E9D815700E8F37F /* main.cpp in Sources */,
			);
			runOnlyForDeploymentPostprocessing = 0;
		};
/* End PBXSourcesBuildPhase section */

/* Begin PBXTargetDependency section */
		A0A6683339F470FF41370000 /* PBXTargetDependency */ = {
			isa = PBXTargetDependency;
			name = cinema.framework;
			targetProxy = A0A6683339F470FF41050000 /* PBXContainerItemProxy */;
		};
/* End PBXTargetDependency section */

/* Begin XCBuildConfiguration section */
		A0A6683339000000004B0000 /* Debug */ = {
			isa = XCBuildConfiguration;
			baseConfigurationReference = A0A668333900000000000000 /* debugbase.xcconfig */;
			buildSettings = {
				MAXON_ROOTDIR = ../../;
				USER_HEADER_SEARCH_PATHS = "./source ./res ./res/description $(MAXON_ROOTDIR)frameworks/cinema.framework/source/** $(inherited)";
			};
			name = Debug;
		};
		A0A668333900000000500000 /* Release */ = {
			isa = XCBuildConfiguration;
			baseConfigurationReference = A0A668333900000000050000 /* releasebase.xcconfig */;
			buildSettings = {
				MAXON_ROOTDIR = ../../;
				USER_HEADER_SEARCH_PATHS = "./source ./res ./res/description $(MAXON_ROOTDIR)frameworks/cinema.framework/source/** $(inherited)";
			};
			name = Release;
		};
		A0A6683339000000005A0000 /* Debug */ = {
			isa = XCBuildConfiguration;
			buildSettings = {
				DEPLOYMENT_LOCATION = YES;
				EXECUTABLE_EXTENSION = dylib;
				INSTALL_PATH = /.;
				PRODUCT_MODULE_NAME = FlockModifier;
				PRODUCT_NAME = FlockModifier;
			};
			name = Debug;
		};
		A0A6683339000000005F0000 /* Release */ = {
			isa = XCBuildConfiguration;
			buildSettings = {
				DEPLOYMENT_LOCATION = YES;
				EXECUTABLE_EXTENSION = dylib;
				INSTALL_PATH = /.;
				PRODUCT_MODULE_NAME = FlockModifier;
				PRODUCT_NAME = FlockModifier;
			};
			name = Release;
		};
/* End XCBuildConfiguration section */

/* Begin XCConfigurationList section */
		A0A668333900000000410000 /* Build configuration list for PBXProject "FlockModifier_R16" */ = {
			isa = XCConfigurationList;
			buildConfigurations = (
				A0A6683339000000004B0000 /* Debug */,
				A0A668333900000000500000 /* Release */,
			);
			defaultConfigurationIsVisible = 0;
			defaultConfigurationName = Debug;
		};
		A0A668333900000000460000 /* Build configuration list for PBXNativeTarget "FlockModifier" */ = {
			isa = XCConfigurationList;
			buildConfigurations = (
				A0A6683339000000005A0000 /* Debug */,
				A0A6683339000000005F0000 /* Release */,
			);
			defaultConfigurationIsVisible = 0;
			defaultConfigurationName = Debug;
		};
/* End XCConfigurationList section */
	};
	rootObject = A0A6683339000000003C0000 /* Project object */;
}
