<?xml version="1.0" encoding="utf-8" standalone="yes"?>
<Project ToolsVersion="4.0" xmlns="http://schemas.microsoft.com/developer/msbuild/2003">
  <ItemGroup>
    <Filter Include="source">
      <UniqueIdentifier>{21895B69-DE91-7035-0000-0000CA90681B}</UniqueIdentifier>
    </Filter>
    <Filter Include="source\object">
      <UniqueIdentifier>{f34df282-553c-4c24-a4ec-d16166f711ac}</UniqueIdentifier>
    </Filter>
  </ItemGroup>
  <ItemGroup>
    <ClCompile Include="source\main.cpp">
      <Filter>source</Filter>
    </ClCompile>
    <ClCompile Include="source\object\FlockRepeller.cpp">
      <Filter>source\object</Filter>
    </ClCompile>
    <ClCompile Include="source\object\FlockTarget.cpp">
      <Filter>source\object</Filter>
    </ClCompile>
    <ClCompile Include="source\object\FlockModifier.cpp">
      <Filter>source\object</Filter>
    </ClCompile>
  </ItemGroup>
  <ItemGroup>
    <ClInclude Include="source\main.h">
      <Filter>source</Filter>
    </ClInclude>
    <ClInclude Include="source\helpers.h">
      <Filter>source</Filter>
    </ClInclude>
  </ItemGroup>
</Project>