
Microsoft Visual Studio Solution File, Format Version 12.00
# Visual Studio 14
VisualStudioVersion = 14.0.25420.1
MinimumVisualStudioVersion = 10.0.40219.1
Project("{8BC9CEB8-8B4A-11D0-8D11-00A0C91BC942}") = "flockmodifier", "flockmodifier.vcxproj", "{067CB495-F56E-F264-0009-38CB8C5CDEA3}"
EndProject
Project("{8BC9CEB8-8B4A-11D0-8D11-00A0C91BC942}") = "core.framework", "..\..\..\frameworks\core.framework\project\core.framework.vcxproj", "{F25E1DE5-7B9B-0BF3-0009-38CB8C5CDEA3}"
EndProject
Project("{8BC9CEB8-8B4A-11D0-8D11-00A0C91BC942}") = "cinema.framework", "..\..\..\frameworks\cinema.framework\project\cinema.framework.vcxproj", "{69BF9B7D-7EB2-7FC5-0009-38CB8C5CDEA3}"
EndProject
Project("{8BC9CEB8-8B4A-11D0-8D11-00A0C91BC942}") = "math.framework", "..\..\..\frameworks\math.framework\project\math.framework.vcxproj", "{96B02211-112B-F41C-0009-38CB8C5CDEA3}"
EndProject
Project("{2150E333-8FDC-42A3-9474-1A3956D46DE8}") = "frameworks", "frameworks", "{B5A330C4-7E50-4653-971D-D91C64746E71}"
EndProject
Global
	GlobalSection(SolutionConfigurationPlatforms) = preSolution
		Debug|x64 = Debug|x64
		Release|x64 = Release|x64
	EndGlobalSection
	GlobalSection(ProjectConfigurationPlatforms) = postSolution
		{067CB495-F56E-F264-0009-38CB8C5CDEA3}.Debug|x64.ActiveCfg = Debug|x64
		{067CB495-F56E-F264-0009-38CB8C5CDEA3}.Debug|x64.Build.0 = Debug|x64
		{067CB495-F56E-F264-0009-38CB8C5CDEA3}.Release|x64.ActiveCfg = Release|x64
		{067CB495-F56E-F264-0009-38CB8C5CDEA3}.Release|x64.Build.0 = Release|x64
		{F25E1DE5-7B9B-0BF3-0009-38CB8C5CDEA3}.Debug|x64.ActiveCfg = Debug|x64
		{F25E1DE5-7B9B-0BF3-0009-38CB8C5CDEA3}.Debug|x64.Build.0 = Debug|x64
		{F25E1DE5-7B9B-0BF3-0009-38CB8C5CDEA3}.Release|x64.ActiveCfg = Release|x64
		{F25E1DE5-7B9B-0BF3-0009-38CB8C5CDEA3}.Release|x64.Build.0 = Release|x64
		{69BF9B7D-7EB2-7FC5-0009-38CB8C5CDEA3}.Debug|x64.ActiveCfg = Debug|x64
		{69BF9B7D-7EB2-7FC5-0009-38CB8C5CDEA3}.Debug|x64.Build.0 = Debug|x64
		{69BF9B7D-7EB2-7FC5-0009-38CB8C5CDEA3}.Release|x64.ActiveCfg = Release|x64
		{69BF9B7D-7EB2-7FC5-0009-38CB8C5CDEA3}.Release|x64.Build.0 = Release|x64
		{96B02211-112B-F41C-0009-38CB8C5CDEA3}.Debug|x64.ActiveCfg = Debug|x64
		{96B02211-112B-F41C-0009-38CB8C5CDEA3}.Debug|x64.Build.0 = Debug|x64
		{96B02211-112B-F41C-0009-38CB8C5CDEA3}.Release|x64.ActiveCfg = Release|x64
		{96B02211-112B-F41C-0009-38CB8C5CDEA3}.Release|x64.Build.0 = Release|x64
	EndGlobalSection
	GlobalSection(SolutionProperties) = preSolution
		HideSolutionNode = FALSE
	EndGlobalSection
	GlobalSection(NestedProjects) = preSolution
		{F25E1DE5-7B9B-0BF3-0009-38CB8C5CDEA3} = {B5A330C4-7E50-4653-971D-D91C64746E71}
		{69BF9B7D-7EB2-7FC5-0009-38CB8C5CDEA3} = {B5A330C4-7E50-4653-971D-D91C64746E71}
		{96B02211-112B-F41C-0009-38CB8C5CDEA3} = {B5A330C4-7E50-4653-971D-D91C64746E71}
	EndGlobalSection
EndGlobal
